github.com/google/shlex v0.0.0-20191202100458-e7afc7fbc510 h1:El6M4kTTCOh6aBiKaUGG7oYTSPP8MxqL4YI3kZKwcP4=
github.com/google/shlex v0.0.0-20191202100458-e7afc7fbc510/go.mod h1:pupxD2MaaD3pAXIBCelhxNneeOaAeabZDe5s4K6zSpQ=
github.com/google/uuid v1.6.0 h1:NIvaJDMOsjHA8n1jAhLSgzrAzy1Hgr+hNrb57e+94F0=
github.com/google/uuid v1.6.0/go.mod h1:TIyPZe4MgqvfeYDBFedMoGGpEw/LqOeaOT+nhxU+yHo=
github.com/tychoish/fun v0.14.2 h1:2ZNRAnOWi5nymBDNiOPD12LuvEKhPdiMSWC85pw6fzQ=
github.com/tychoish/fun v0.14.2/go.mod h1:ghjR/9EyWh8h8oBg2+WJhsEcF/W4JXMWpo6btMRNusE=
github.com/tychoish/grip v0.4.4 h1:rhNwCDC9n3wl9gFeCwvSnhzvvyJDOZkeFMcw4fmUV3U=
github.com/tychoish/grip v0.4.4/go.mod h1:rsQaL/y3avHi8G8UHhTDGwttebcm/eDD7+MYdxrCQv8=
github.com/tychoish/jasper v0.1.4-0.20260114025018-121022e9c9e2 h1:H4Lmbtr5t4NIODvrvnoT69N6lNM4oDRyaozGvJCoaxA=
github.com/tychoish/jasper v0.1.4-0.20260114025018-121022e9c9e2/go.mod h1:5EBobMpk2eZ4Be6cXhj8naKGLJrdyDa4/bpl7YQVcXw=
golang.org/x/crypto v0.8.0 h1:pd9TJtTueMTVQXzk8E2XESSMQDj/U7OUu0PqJqPXQjQ=
golang.org/x/crypto v0.8.0/go.mod h1:mRqEX+O9/h5TFCrQhkgjo2yKi0yYA+9ecGkdQoHrywE=
golang.org/x/sys v0.40.0 h1:DBZZqJ2Rkml6QMQsZywtnjnnGvHza6BTfYFWY9kjEWQ=
golang.org/x/sys v0.40.0/go.mod h1:OgkHotnGiDImocRcuBABYBEXf8A9a87e/uXjp9XT3ks=
golang.org/x/term v0.7.0 h1:BEvjmm5fURWqcfbSKTdpkDXYBrUS1c0m8agp14W48vQ=
golang.org/x/term v0.7.0/go.mod h1:P32HKFT3hSsZrRxla30E9HqToFYAQPCMs/zFMBUFqPY=
