github.com/google/shlex v0.0.0-20191202100458-e7afc7fbc510 h1:El6M4kTTCOh6aBiKaUGG7oYTSPP8MxqL4YI3kZKwcP4=
github.com/google/shlex v0.0.0-20191202100458-e7afc7fbc510/go.mod h1:pupxD2MaaD3pAXIBCelhxNneeOaAeabZDe5s4K6zSpQ=
github.com/google/uuid v1.6.0 h1:NIvaJDMOsjHA8n1jAhLSgzrAzy1Hgr+hNrb57e+94F0=
github.com/google/uuid v1.6.0/go.mod h1:TIyPZe4MgqvfeYDBFedMoGGpEw/LqOeaOT+nhxU+yHo=
github.com/tychoish/fun v0.14.5 h1:cXfyEBl6i4nShmXAa1vNUjMJDAKzjuXSnQ4QCVYevCA=
github.com/tychoish/fun v0.14.5/go.mod h1:ghjR/9EyWh8h8oBg2+WJhsEcF/W4JXMWpo6btMRNusE=
github.com/tychoish/grip v0.4.6 h1:YX3hV0OzK8rym9ylrugt2QEaPpl6VjvXRgW7GIbth8A=
github.com/tychoish/grip v0.4.6/go.mod h1:SNSfWI1ta65sQf7TxxXXNI4JjuTCMTuNRwoYqXHjCDs=
