github.com/google/shlex v0.0.0-20191202100458-e7afc7fbc510 h1:El6M4kTTCOh6aBiKaUGG7oYTSPP8MxqL4YI3kZKwcP4=
github.com/google/shlex v0.0.0-20191202100458-e7afc7fbc510/go.mod h1:pupxD2MaaD3pAXIBCelhxNneeOaAeabZDe5s4K6zSpQ=
github.com/google/uuid v1.3.1 h1:KjJaJ9iWZ3jOFZIf1Lqf4laDRCasjl0BCmnEGxkdLb4=
github.com/google/uuid v1.3.1/go.mod h1:TIyPZe4MgqvfeYDBFedMoGGpEw/LqOeaOT+nhxU+yHo=
github.com/tychoish/fun v0.13.0 h1:gH4QIeLJkYsNa1Zu/g4MgmUAhWoGN4PEMu4hj/GqkOU=
github.com/tychoish/fun v0.13.0/go.mod h1:ghjR/9EyWh8h8oBg2+WJhsEcF/W4JXMWpo6btMRNusE=
github.com/tychoish/grip v0.4.1 h1:3f6+41qIUY8VxMeQfJdyR++5PEZDxiV6gePfjouoqq0=
github.com/tychoish/grip v0.4.1/go.mod h1:xt8TlwbfmdkROe3cB/RMhrIfwyrP6enodZn6QrjGBqU=
