github.com/google/shlex v0.0.0-20191202100458-e7afc7fbc510 h1:El6M4kTTCOh6aBiKaUGG7oYTSPP8MxqL4YI3kZKwcP4=
github.com/google/shlex v0.0.0-20191202100458-e7afc7fbc510/go.mod h1:pupxD2MaaD3pAXIBCelhxNneeOaAeabZDe5s4K6zSpQ=
github.com/google/uuid v1.3.0 h1:t6JiXgmwXMjEs8VusXIJk2BXHsn+wx8BZdTaoZ5fu7I=
github.com/google/uuid v1.3.0/go.mod h1:TIyPZe4MgqvfeYDBFedMoGGpEw/LqOeaOT+nhxU+yHo=
github.com/tychoish/fun v0.9.2 h1:OUGA+jHThZ/IxWATw61EJJRGRpF00IMzqQ8EhKH9HtI=
github.com/tychoish/fun v0.9.2/go.mod h1:84A+BwGecz23UotmbB4mtvVS5ZcsZpspecduxpwF/XM=
github.com/tychoish/grip v0.2.10 h1:JRtnRGlMENEu2fdGhyttzjTYhZ3kZAnqMFJM3Wog+Us=
github.com/tychoish/grip v0.2.10/go.mod h1:LPwWh6pCL3SreDklGT6wcoILH88sfH1deQvBGZg6/4M=
