github.com/davecgh/go-spew v1.1.0/go.mod h1:J7Y8YcW2NihsgmVo/mv3lAwl/skON4iLHjSsI+c5H38=
github.com/davecgh/go-spew v1.1.1 h1:vj9j/u1bqnvCEfJOwUhtlOARqs3+rkHYY13jYWTU97c=
github.com/davecgh/go-spew v1.1.1/go.mod h1:J7Y8YcW2NihsgmVo/mv3lAwl/skON4iLHjSsI+c5H38=
github.com/fuyufjh/splunk-hec-go v0.4.0 h1:tU2RhiBEbKOqwl85JA4y77/orhpMOIVAI5YT4s/5Rr0=
github.com/fuyufjh/splunk-hec-go v0.4.0/go.mod h1:r2fKHCRSkUIiz63Nh9FWGHrUr0N0WH2T4GO0JHuMCCU=
github.com/google/shlex v0.0.0-20191202100458-e7afc7fbc510 h1:El6M4kTTCOh6aBiKaUGG7oYTSPP8MxqL4YI3kZKwcP4=
github.com/google/shlex v0.0.0-20191202100458-e7afc7fbc510/go.mod h1:pupxD2MaaD3pAXIBCelhxNneeOaAeabZDe5s4K6zSpQ=
github.com/google/uuid v1.3.1 h1:KjJaJ9iWZ3jOFZIf1Lqf4laDRCasjl0BCmnEGxkdLb4=
github.com/google/uuid v1.3.1/go.mod h1:TIyPZe4MgqvfeYDBFedMoGGpEw/LqOeaOT+nhxU+yHo=
github.com/pmezard/go-difflib v1.0.0 h1:4DBwDE0NGyQoBHbLQYPwSUPoCMWR5BEzIk/f1lZbAQM=
github.com/pmezard/go-difflib v1.0.0/go.mod h1:iKH77koFhYxTK1pcRnkKkqfTogsbg7gZNVY4sRDYZ/4=
github.com/stretchr/objx v0.1.0/go.mod h1:HFkY916IF+rwdDfMAkV7OtwuqBVzrE8GR6GFx+wExME=
github.com/stretchr/objx v0.4.0/go.mod h1:YvHI0jy2hoMjB+UWwv71VJQ9isScKT/TqJzVSSt89Yw=
github.com/stretchr/objx v0.5.0/go.mod h1:Yh+to48EsGEfYuaHDzXPcE3xhTkx73EhmCGUpEOglKo=
github.com/stretchr/testify v1.7.1/go.mod h1:6Fq8oRcR53rry900zMqJjRRixrwX3KX962/h/Wwjteg=
github.com/stretchr/testify v1.8.0/go.mod h1:yNjHg4UonilssWZ8iaSj1OCr/vHnekPRkoO+kdMU+MU=
github.com/stretchr/testify v1.8.2 h1:+h33VjcLVPDHtOdpUCuF+7gSuG3yGIftsP1YvFihtJ8=
github.com/stretchr/testify v1.8.2/go.mod h1:w2LPCIKwWwSfY2zedu0+kehJoqGctiVI29o6fzry7u4=
github.com/tychoish/fun v0.10.9 h1:mTuS1Rp3TN5GAzDLVo09CpPnixBFD7PZKQ30QFOAvlc=
github.com/tychoish/fun v0.10.9/go.mod h1:ZZfrwtsnHHV81ecZCBPp57DjjYY9Io39JH2QSXNpKn4=
github.com/tychoish/grip v0.3.8-0.20240114232258-7eae5cf3a031 h1:t9pAbjDAC5D3xamoD9iDxhl9MXund+QCn2zM+Kg/s9I=
github.com/tychoish/grip v0.3.8-0.20240114232258-7eae5cf3a031/go.mod h1:jCO0mMQqP/Qxy/wgwTj5n5wFUhWK5lB3ZvqcYGORWwA=
github.com/tychoish/grip/x/splunk v0.0.0-20230824232221-fd39190c3be1 h1:B8ovrW4oTXTCV++p9Rs7AALRbVOt6krgP+5f6KPoj/w=
github.com/tychoish/grip/x/splunk v0.0.0-20230824232221-fd39190c3be1/go.mod h1:cbVFdT91Nu4CD6n2KNzsYs84XDWfXijZkb407rmzR1I=
github.com/tychoish/jasper v0.1.1 h1:7Z9pT87BoYqzq/aCssuz4VakKQWnjngaKJGcxqi3kg8=
github.com/tychoish/jasper v0.1.1/go.mod h1:2EZstU5babAvZN6PFUvc9Phtyed00lxfB+zbxIOaeoY=
gopkg.in/check.v1 v0.0.0-20161208181325-20d25e280405/go.mod h1:Co6ibVJAznAaIkqp8huTwlJQCZ016jof/cbN4VW5Yz0=
gopkg.in/yaml.v3 v3.0.0-20200313102051-9f266ea9e77c/go.mod h1:K4uyk7z7BCEPqu6E+C64Yfv1cQ7kz7rIZviUmN+EgEM=
gopkg.in/yaml.v3 v3.0.1 h1:fxVm/GzAzEWqLHuvctI91KS9hhNmmWOoWu0XTYJS7CA=
gopkg.in/yaml.v3 v3.0.1/go.mod h1:K4uyk7z7BCEPqu6E+C64Yfv1cQ7kz7rIZviUmN+EgEM=
